
Microsoft Visual Studio Solution File, Format Version 12.00
# Visual Studio 15
VisualStudioVersion = 15.0.28010.2016
MinimumVisualStudioVersion = 10.0.40219.1
Project("{FAE04EC0-301F-11D3-BF4B-00C04F79EFBC}") = "Bookish.ConsoleApp", "Bookish.ConsoleApp\Bookish.ConsoleApp.csproj", "{FDC51D30-D62E-4B02-AEF5-A25552EB5EA2}"
EndProject
Project("{FAE04EC0-301F-11D3-BF4B-00C04F79EFBC}") = "Bookish.DataAccess", "Bookish.DataAccess\Bookish.DataAccess.csproj", "{42CEE08C-1523-4AE8-A8CA-124AB7B33162}"
EndProject
Global
	GlobalSection(SolutionConfigurationPlatforms) = preSolution
		Debug|Any CPU = Debug|Any CPU
		Release|Any CPU = Release|Any CPU
	EndGlobalSection
	GlobalSection(ProjectConfigurationPlatforms) = postSolution
		{FDC51D30-D62E-4B02-AEF5-A25552EB5EA2}.Debug|Any CPU.ActiveCfg = Debug|Any CPU
		{FDC51D30-D62E-4B02-AEF5-A25552EB5EA2}.Debug|Any CPU.Build.0 = Debug|Any CPU
		{FDC51D30-D62E-4B02-AEF5-A25552EB5EA2}.Release|Any CPU.ActiveCfg = Release|Any CPU
		{FDC51D30-D62E-4B02-AEF5-A25552EB5EA2}.Release|Any CPU.Build.0 = Release|Any CPU
		{42CEE08C-1523-4AE8-A8CA-124AB7B33162}.Debug|Any CPU.ActiveCfg = Debug|Any CPU
		{42CEE08C-1523-4AE8-A8CA-124AB7B33162}.Debug|Any CPU.Build.0 = Debug|Any CPU
		{42CEE08C-1523-4AE8-A8CA-124AB7B33162}.Release|Any CPU.ActiveCfg = Release|Any CPU
		{42CEE08C-1523-4AE8-A8CA-124AB7B33162}.Release|Any CPU.Build.0 = Release|Any CPU
	EndGlobalSection
	GlobalSection(SolutionProperties) = preSolution
		HideSolutionNode = FALSE
	EndGlobalSection
	GlobalSection(ExtensibilityGlobals) = postSolution
		SolutionGuid = {02EDEE7A-2546-4858-BA2B-5C5BCADB4E74}
	EndGlobalSection
EndGlobal
